{"pid":2848,"workspaceFolders":["/root/capsule","/mfish-roi-classifier","/2p2fish","/capsule-3D-HCR-ROI-classifier","/capsule-3D-HCR-ROI-labeling","/capsule-3D-HCR-ROI-classifier-training","/","/lamf-analysis"],"ideName":"Visual Studio Code","transport":"ws","runningInWindows":false,"authToken":"84f614ed-e05b-4d4b-a61b-49df7c99e4f9"}