{"pid":1274,"workspaceFolders":["/root/capsule","/mfish-roi-classifier","/2p2fish","/capsule-3D-HCR-ROI-classifier","/capsule-3D-HCR-ROI-labeling","/capsule-3D-HCR-ROI-classifier-training","/"],"ideName":"Visual Studio Code","transport":"ws","runningInWindows":false,"authToken":"ff0a7dcd-95da-4f24-81a0-b3bcc52ae874"}